
Microsoft Visual Studio Solution File, Format Version 12.00
# Visual Studio 2012
Project("{FAE04EC0-301F-11D3-BF4B-00C04F79EFBC}") = "DearOXWeb", "DearOXWeb\DearOXWeb.csproj", "{CAC3F56A-23DE-4AC2-AAE4-3354878F21CD}"
EndProject
Project("{FAE04EC0-301F-11D3-BF4B-00C04F79EFBC}") = "DLL", "DLL\DLL.csproj", "{C58AC1EE-AFAA-4DD3-A096-3BBFE2C93C69}"
EndProject
Project("{FAE04EC0-301F-11D3-BF4B-00C04F79EFBC}") = "Model", "Model\Model.csproj", "{9C18FC44-E1B9-419B-BABE-079FC94E3102}"
EndProject
Project("{FAE04EC0-301F-11D3-BF4B-00C04F79EFBC}") = "BLL", "BLL\BLL.csproj", "{86DCA99A-DE42-45B9-8C11-5A590A4C1926}"
EndProject
Global
	GlobalSection(SolutionConfigurationPlatforms) = preSolution
		Debug|Any CPU = Debug|Any CPU
		Release|Any CPU = Release|Any CPU
	EndGlobalSection
	GlobalSection(ProjectConfigurationPlatforms) = postSolution
		{CAC3F56A-23DE-4AC2-AAE4-3354878F21CD}.Debug|Any CPU.ActiveCfg = Debug|Any CPU
		{CAC3F56A-23DE-4AC2-AAE4-3354878F21CD}.Debug|Any CPU.Build.0 = Debug|Any CPU
		{CAC3F56A-23DE-4AC2-AAE4-3354878F21CD}.Release|Any CPU.ActiveCfg = Release|Any CPU
		{CAC3F56A-23DE-4AC2-AAE4-3354878F21CD}.Release|Any CPU.Build.0 = Release|Any CPU
		{C58AC1EE-AFAA-4DD3-A096-3BBFE2C93C69}.Debug|Any CPU.ActiveCfg = Debug|Any CPU
		{C58AC1EE-AFAA-4DD3-A096-3BBFE2C93C69}.Debug|Any CPU.Build.0 = Debug|Any CPU
		{C58AC1EE-AFAA-4DD3-A096-3BBFE2C93C69}.Release|Any CPU.ActiveCfg = Release|Any CPU
		{C58AC1EE-AFAA-4DD3-A096-3BBFE2C93C69}.Release|Any CPU.Build.0 = Release|Any CPU
		{9C18FC44-E1B9-419B-BABE-079FC94E3102}.Debug|Any CPU.ActiveCfg = Debug|Any CPU
		{9C18FC44-E1B9-419B-BABE-079FC94E3102}.Debug|Any CPU.Build.0 = Debug|Any CPU
		{9C18FC44-E1B9-419B-BABE-079FC94E3102}.Release|Any CPU.ActiveCfg = Release|Any CPU
		{9C18FC44-E1B9-419B-BABE-079FC94E3102}.Release|Any CPU.Build.0 = Release|Any CPU
		{86DCA99A-DE42-45B9-8C11-5A590A4C1926}.Debug|Any CPU.ActiveCfg = Debug|Any CPU
		{86DCA99A-DE42-45B9-8C11-5A590A4C1926}.Debug|Any CPU.Build.0 = Debug|Any CPU
		{86DCA99A-DE42-45B9-8C11-5A590A4C1926}.Release|Any CPU.ActiveCfg = Release|Any CPU
		{86DCA99A-DE42-45B9-8C11-5A590A4C1926}.Release|Any CPU.Build.0 = Release|Any CPU
	EndGlobalSection
	GlobalSection(SolutionProperties) = preSolution
		HideSolutionNode = FALSE
	EndGlobalSection
EndGlobal
